
Microsoft Visual Studio Solution File, Format Version 12.00
# Visual Studio Version 16
VisualStudioVersion = 16.0.29326.143
MinimumVisualStudioVersion = 10.0.40219.1
Project("{FAE04EC0-301F-11D3-BF4B-00C04F79EFBC}") = "EnumerationMonthsOfTheYear", "EnumerationMonthsOfTheYear\EnumerationMonthsOfTheYear.csproj", "{22D85FE2-AEEC-47DD-8BE0-089C59A790D9}"
EndProject
Global
	GlobalSection(SolutionConfigurationPlatforms) = preSolution
		Debug|Any CPU = Debug|Any CPU
		Release|Any CPU = Release|Any CPU
	EndGlobalSection
	GlobalSection(ProjectConfigurationPlatforms) = postSolution
		{22D85FE2-AEEC-47DD-8BE0-089C59A790D9}.Debug|Any CPU.ActiveCfg = Debug|Any CPU
		{22D85FE2-AEEC-47DD-8BE0-089C59A790D9}.Debug|Any CPU.Build.0 = Debug|Any CPU
		{22D85FE2-AEEC-47DD-8BE0-089C59A790D9}.Release|Any CPU.ActiveCfg = Release|Any CPU
		{22D85FE2-AEEC-47DD-8BE0-089C59A790D9}.Release|Any CPU.Build.0 = Release|Any CPU
	EndGlobalSection
	GlobalSection(SolutionProperties) = preSolution
		HideSolutionNode = FALSE
	EndGlobalSection
	GlobalSection(ExtensibilityGlobals) = postSolution
		SolutionGuid = {1A94DA10-753A-465F-8A85-F069353DC4BA}
	EndGlobalSection
EndGlobal
