
Microsoft Visual Studio Solution File, Format Version 12.00
# Visual Studio Version 16
VisualStudioVersion = 16.0.29326.143
MinimumVisualStudioVersion = 10.0.40219.1
Project("{FAE04EC0-301F-11D3-BF4B-00C04F79EFBC}") = "ReversingArray", "ReversingArray\ReversingArray.csproj", "{EDE3440E-2C6E-4F8D-B070-2DA822DFA425}"
EndProject
Global
	GlobalSection(SolutionConfigurationPlatforms) = preSolution
		Debug|Any CPU = Debug|Any CPU
		Release|Any CPU = Release|Any CPU
	EndGlobalSection
	GlobalSection(ProjectConfigurationPlatforms) = postSolution
		{EDE3440E-2C6E-4F8D-B070-2DA822DFA425}.Debug|Any CPU.ActiveCfg = Debug|Any CPU
		{EDE3440E-2C6E-4F8D-B070-2DA822DFA425}.Debug|Any CPU.Build.0 = Debug|Any CPU
		{EDE3440E-2C6E-4F8D-B070-2DA822DFA425}.Release|Any CPU.ActiveCfg = Release|Any CPU
		{EDE3440E-2C6E-4F8D-B070-2DA822DFA425}.Release|Any CPU.Build.0 = Release|Any CPU
	EndGlobalSection
	GlobalSection(SolutionProperties) = preSolution
		HideSolutionNode = FALSE
	EndGlobalSection
	GlobalSection(ExtensibilityGlobals) = postSolution
		SolutionGuid = {DD18ED7C-32DD-44A3-A9A4-B22B78A035EF}
	EndGlobalSection
EndGlobal
