
Microsoft Visual Studio Solution File, Format Version 12.00
# Visual Studio Version 16
VisualStudioVersion = 16.0.29326.143
MinimumVisualStudioVersion = 10.0.40219.1
Project("{FAE04EC0-301F-11D3-BF4B-00C04F79EFBC}") = "RandomArray", "RandomArray\RandomArray.csproj", "{905C494B-D2CD-4FC8-9EED-D9763F10028D}"
EndProject
Global
	GlobalSection(SolutionConfigurationPlatforms) = preSolution
		Debug|Any CPU = Debug|Any CPU
		Release|Any CPU = Release|Any CPU
	EndGlobalSection
	GlobalSection(ProjectConfigurationPlatforms) = postSolution
		{905C494B-D2CD-4FC8-9EED-D9763F10028D}.Debug|Any CPU.ActiveCfg = Debug|Any CPU
		{905C494B-D2CD-4FC8-9EED-D9763F10028D}.Debug|Any CPU.Build.0 = Debug|Any CPU
		{905C494B-D2CD-4FC8-9EED-D9763F10028D}.Release|Any CPU.ActiveCfg = Release|Any CPU
		{905C494B-D2CD-4FC8-9EED-D9763F10028D}.Release|Any CPU.Build.0 = Release|Any CPU
	EndGlobalSection
	GlobalSection(SolutionProperties) = preSolution
		HideSolutionNode = FALSE
	EndGlobalSection
	GlobalSection(ExtensibilityGlobals) = postSolution
		SolutionGuid = {B2621A58-0CAE-4291-973A-3EB21699A1BF}
	EndGlobalSection
EndGlobal
